
Microsoft Visual Studio Solution File, Format Version 11.00
# Visual Studio 2010
Project("{FAE04EC0-301F-11D3-BF4B-00C04F79EFBC}") = "TaxGenieOnline", "TaxGenieOnline\TaxGenieOnline.csproj", "{6BFEF256-A07E-4768-A4E2-F3698D030D0D}"
	ProjectSection(ProjectDependencies) = postProject
		{C6C7D0B4-365D-4E59-9D02-C1C682793AF3} = {C6C7D0B4-365D-4E59-9D02-C1C682793AF3}
	EndProjectSection
EndProject
Project("{FAE04EC0-301F-11D3-BF4B-00C04F79EFBC}") = "TaxGenie_DAL", "TaxGenie_DAL\TaxGenie_DAL.csproj", "{C6C7D0B4-365D-4E59-9D02-C1C682793AF3}"
EndProject
Global
	GlobalSection(SolutionConfigurationPlatforms) = preSolution
		Debug|Any CPU = Debug|Any CPU
		Release|Any CPU = Release|Any CPU
	EndGlobalSection
	GlobalSection(ProjectConfigurationPlatforms) = postSolution
		{6BFEF256-A07E-4768-A4E2-F3698D030D0D}.Debug|Any CPU.ActiveCfg = Debug|Any CPU
		{6BFEF256-A07E-4768-A4E2-F3698D030D0D}.Release|Any CPU.ActiveCfg = Release|Any CPU
		{6BFEF256-A07E-4768-A4E2-F3698D030D0D}.Release|Any CPU.Build.0 = Release|Any CPU
		{C6C7D0B4-365D-4E59-9D02-C1C682793AF3}.Debug|Any CPU.ActiveCfg = Debug|Any CPU
		{C6C7D0B4-365D-4E59-9D02-C1C682793AF3}.Debug|Any CPU.Build.0 = Debug|Any CPU
		{C6C7D0B4-365D-4E59-9D02-C1C682793AF3}.Release|Any CPU.ActiveCfg = Release|Any CPU
		{C6C7D0B4-365D-4E59-9D02-C1C682793AF3}.Release|Any CPU.Build.0 = Release|Any CPU
	EndGlobalSection
	GlobalSection(SolutionProperties) = preSolution
		HideSolutionNode = FALSE
	EndGlobalSection
EndGlobal
